# This file is automatically @generated by Cargo.
# It is not intended for manual editing.
version = 4

[[package]]
name = "ec-core"
version = "0.1.0"

[[package]]
name = "ec-h264"
version = "0.1.0"
dependencies = [
 "ec-core",
 "ec-h264-syntax",
]

[[package]]
name = "ec-h264-syntax"
version = "0.1.0"
dependencies = [
 "ec-core",
]

[[package]]
name = "oracle"
version = "0.1.0"
