# This file is automatically @generated by Cargo.
# It is not intended for manual editing.
version = 4

[[package]]
name = "adler2"
version = "2.0.1"
source = "registry+https://github.com/rust-lang/crates.io-index"
checksum = "320119579fcad9c21884f5c4861d16174d0e06250625266f50fe6898340abefa"

[[package]]
name = "bytemuck"
version = "1.25.2"
source = "registry+https://github.com/rust-lang/crates.io-index"
checksum = "95832e849adfb21180ccb6826a99da14e5d266ae5c2e668e1602cf234f153797"

[[package]]
name = "cfg-if"
version = "1.0.4"
source = "registry+https://github.com/rust-lang/crates.io-index"
checksum = "9330f8b2ff13f34540b44e946ef35111825727b38d33286ef986142615121801"

[[package]]
name = "crc32fast"
version = "1.5.0"
source = "registry+https://github.com/rust-lang/crates.io-index"
checksum = "9481c1c90cbf2ac953f07c8d4a58aa3945c425b7185c9154d67a65e4230da511"
dependencies = [
 "cfg-if",
]

[[package]]
name = "ec-ac3"
version = "0.1.0"
dependencies = [
 "ec-core",
 "ec-dsp",
]

[[package]]
name = "ec-ass"
version = "0.1.0"
dependencies = [
 "ec-core",
 "ec-subs",
]

[[package]]
name = "ec-av1-syntax"
version = "0.1.0"
dependencies = [
 "ec-core",
]

[[package]]
name = "ec-core"
version = "0.1.0"

[[package]]
name = "ec-dsp"
version = "0.1.0"
dependencies = [
 "ec-core",
 "wide",
]

[[package]]
name = "ec-flac"
version = "0.1.0"
dependencies = [
 "ec-core",
]

[[package]]
name = "ec-h264"
version = "0.1.0"
dependencies = [
 "ec-core",
 "ec-h264-syntax",
 "wide",
]

[[package]]
name = "ec-h264-syntax"
version = "0.1.0"
dependencies = [
 "ec-core",
]

[[package]]
name = "ec-inflate"
version = "0.1.0"
dependencies = [
 "ec-core",
 "flate2",
]

[[package]]
name = "ec-matroska"
version = "0.1.0"
dependencies = [
 "ec-core",
 "ec-inflate",
]

[[package]]
name = "ec-mp3"
version = "0.1.0"
dependencies = [
 "ec-core",
 "ec-dsp",
]

[[package]]
name = "ec-mp4"
version = "0.1.0"
dependencies = [
 "ec-core",
]

[[package]]
name = "ec-ogg"
version = "0.1.0"
dependencies = [
 "ec-core",
]

[[package]]
name = "ec-opus"
version = "0.1.0"
dependencies = [
 "ec-core",
 "ec-dsp",
 "ec-ogg",
 "wide",
]

[[package]]
name = "ec-pgs"
version = "0.1.0"
dependencies = [
 "ec-core",
]

[[package]]
name = "ec-riff"
version = "0.1.0"
dependencies = [
 "ec-core",
]

[[package]]
name = "ec-subs"
version = "0.1.0"
dependencies = [
 "ec-ass",
 "ec-core",
 "ec-pgs",
]

[[package]]
name = "ec-va"
version = "0.1.0"

[[package]]
name = "ec-vorbis"
version = "0.1.0"
dependencies = [
 "ec-core",
 "ec-dsp",
 "ec-ogg",
]

[[package]]
name = "ec-vp9-syntax"
version = "0.1.0"
dependencies = [
 "ec-core",
]

[[package]]
name = "flacenc"
version = "0.5.1"
dependencies = [
 "ec-flac",
]

[[package]]
name = "flate2"
version = "1.1.9"
source = "registry+https://github.com/rust-lang/crates.io-index"
checksum = "843fba2746e448b37e26a819579957415c8cef339bf08564fe8b7ddbd959573c"
dependencies = [
 "crc32fast",
 "miniz_oxide 0.8.9 (registry+https://github.com/rust-lang/crates.io-index)",
]

[[package]]
name = "hound"
version = "3.5.1"
dependencies = [
 "ec-riff",
]

[[package]]
name = "miniz_oxide"
version = "0.8.9"
dependencies = [
 "ec-inflate",
]

[[package]]
name = "miniz_oxide"
version = "0.8.9"
source = "registry+https://github.com/rust-lang/crates.io-index"
checksum = "1fa76a2c86f704bdb222d66965fb3d63269ce38518b83cb0575fca855ebb6316"
dependencies = [
 "adler2",
 "simd-adler32",
]

[[package]]
name = "opus-rs"
version = "0.1.26"
dependencies = [
 "ec-opus",
]

[[package]]
name = "oracle"
version = "0.1.0"

[[package]]
name = "oxideav-ass"
version = "0.0.9"
dependencies = [
 "ec-ass",
 "ec-subs",
 "oxideav-core",
]

[[package]]
name = "oxideav-core"
version = "0.1.34"
dependencies = [
 "ec-core",
]

[[package]]
name = "oxideav-ogg"
version = "0.1.8"
dependencies = [
 "ec-core",
 "ec-ogg",
 "oxideav-core",
]

[[package]]
name = "oxideav-sub-image"
version = "0.0.7"
dependencies = [
 "ec-pgs",
 "oxideav-ass",
 "oxideav-core",
 "oxideav-subtitle",
]

[[package]]
name = "oxideav-subtitle"
version = "0.1.2"
dependencies = [
 "ec-subs",
 "oxideav-core",
]

[[package]]
name = "rusty_mp3"
version = "0.6.1"
dependencies = [
 "ec-core",
 "ec-mp3",
]

[[package]]
name = "rusty_vorbis"
version = "0.1.1"
dependencies = [
 "ec-core",
 "ec-ogg",
 "ec-vorbis",
]

[[package]]
name = "safe_arch"
version = "1.1.0"
source = "registry+https://github.com/rust-lang/crates.io-index"
checksum = "3a52ec151f024d703f9fd65abb7cbe81e7cdb39f18917a3a37e3014470dc7c59"
dependencies = [
 "bytemuck",
]

[[package]]
name = "simd-adler32"
version = "0.3.10"
source = "registry+https://github.com/rust-lang/crates.io-index"
checksum = "3a219298ac11a56ea9a6d2120044824d6f01aeb034955e7af7bc16858527deea"

[[package]]
name = "wide"
version = "1.6.1"
source = "registry+https://github.com/rust-lang/crates.io-index"
checksum = "de2aaf408e58689c2096682331b1f42bb2d9f2ed6b11560407d023cd0a6c634e"
dependencies = [
 "bytemuck",
 "safe_arch",
]
